// !$*UTF8*$!
{
	archiveVersion = 1;
	classes = {
	};
	objectVersion = 56;
	objects = {

/* Begin PBXBuildFile section */
		18191BC42A63BD1200E9719B /* RoundAnimation.swift in Sources */ = {isa = PBXBuildFile; fileRef = 18191BC32A63BD1200E9719B /* RoundAnimation.swift */; };
		182E2CC42A71846900E7255D /* HeartNumbersView.swift in Sources */ = {isa = PBXBuildFile; fileRef = 182E2CC32A71846900E7255D /* HeartNumbersView.swift */; };
		182E2CC62A724D5700E7255D /* HeartTimerView.swift in Sources */ = {isa = PBXBuildFile; fileRef = 182E2CC52A724D5700E7255D /* HeartTimerView.swift */; };
		182E2CC82A724E3900E7255D /* HeartStatus.swift in Sources */ = {isa = PBXBuildFile; fileRef = 182E2CC72A724E3900E7255D /* HeartStatus.swift */; };
		182E2CCA2A7250DB00E7255D /* TextStyle.swift in Sources */ = {isa = PBXBuildFile; fileRef = 182E2CC92A7250DB00E7255D /* TextStyle.swift */; };
		1839B6562A5E71CE00066D47 /* luv_dubApp.swift in Sources */ = {isa = PBXBuildFile; fileRef = 1839B6552A5E71CE00066D47 /* luv_dubApp.swift */; };
		1839B6582A5E71CE00066D47 /* ContentView.swift in Sources */ = {isa = PBXBuildFile; fileRef = 1839B6572A5E71CE00066D47 /* ContentView.swift */; };
		1839B65A2A5E71D000066D47 /* Assets.xcassets in Resources */ = {isa = PBXBuildFile; fileRef = 1839B6592A5E71D000066D47 /* Assets.xcassets */; };
		1839B65D2A5E71D000066D47 /* Preview Assets.xcassets in Resources */ = {isa = PBXBuildFile; fileRef = 1839B65C2A5E71D000066D47 /* Preview Assets.xcassets */; };
		1839B6792A5E71D000066D47 /* luvdub.app in Embed Watch Content */ = {isa = PBXBuildFile; fileRef = 1839B6782A5E71D000066D47 /* luvdub.app */; settings = {ATTRIBUTES = (RemoveHeadersOnCopy, ); }; };
		1839B67E2A5E71D000066D47 /* luv_dubApp.swift in Sources */ = {isa = PBXBuildFile; fileRef = 1839B67D2A5E71D000066D47 /* luv_dubApp.swift */; };
		1839B6822A5E71D100066D47 /* Assets.xcassets in Resources */ = {isa = PBXBuildFile; fileRef = 1839B6812A5E71D100066D47 /* Assets.xcassets */; };
		1839B6852A5E71D100066D47 /* Preview Assets.xcassets in Resources */ = {isa = PBXBuildFile; fileRef = 1839B6842A5E71D100066D47 /* Preview Assets.xcassets */; };
		1844A3452A713FB30083A04E /* TransmissionStatus.swift in Sources */ = {isa = PBXBuildFile; fileRef = 1844A3442A713FB30083A04E /* TransmissionStatus.swift */; };
		1844A3482A7147EB0083A04E /* BlinkLoading.swift in Sources */ = {isa = PBXBuildFile; fileRef = 1844A3472A7147EB0083A04E /* BlinkLoading.swift */; };
		184E98312A70185F00335BE9 /* SendButtonView.swift in Sources */ = {isa = PBXBuildFile; fileRef = 184E98302A70185F00335BE9 /* SendButtonView.swift */; };
		184E98332A701EBA00335BE9 /* MainPushViewModel.swift in Sources */ = {isa = PBXBuildFile; fileRef = 184E98322A701EBA00335BE9 /* MainPushViewModel.swift */; };
		184E98372A70220200335BE9 /* ButtonViewModel.swift in Sources */ = {isa = PBXBuildFile; fileRef = 184E98362A70220200335BE9 /* ButtonViewModel.swift */; };
		184E98392A7029F000335BE9 /* ViewModelWatch.swift in Sources */ = {isa = PBXBuildFile; fileRef = 184E98382A7029EF00335BE9 /* ViewModelWatch.swift */; };
		18AE9C312A702B4500D543DB /* ProgressBar.swift in Sources */ = {isa = PBXBuildFile; fileRef = 18AE9C302A702B4500D543DB /* ProgressBar.swift */; };
		18AE9C332A7037F500D543DB /* ProgressViewModel.swift in Sources */ = {isa = PBXBuildFile; fileRef = 18AE9C322A7037F500D543DB /* ProgressViewModel.swift */; };
		18AE9C352A70E2CC00D543DB /* StatusView.swift in Sources */ = {isa = PBXBuildFile; fileRef = 18AE9C342A70E2CC00D543DB /* StatusView.swift */; };
		18AE9C372A710DB400D543DB /* ContentView.swift in Sources */ = {isa = PBXBuildFile; fileRef = 18AE9C362A710DB400D543DB /* ContentView.swift */; };
		3028397B2A768985004504DB /* GoogleService-Info-Watch.plist in Resources */ = {isa = PBXBuildFile; fileRef = 3028397A2A768985004504DB /* GoogleService-Info-Watch.plist */; };
		303CFE9D2A5F2D31003931F3 /* FirebaseMessaging in Frameworks */ = {isa = PBXBuildFile; productRef = 303CFE9C2A5F2D31003931F3 /* FirebaseMessaging */; };
		303CFE9F2A5F2D3C003931F3 /* FirebaseAnalytics in Frameworks */ = {isa = PBXBuildFile; productRef = 303CFE9E2A5F2D3C003931F3 /* FirebaseAnalytics */; };
		304341432A765F5700934BFA /* WatchInfo.xcdatamodeld in Sources */ = {isa = PBXBuildFile; fileRef = 304341402A765F2C00934BFA /* WatchInfo.xcdatamodeld */; };
		304341452A76600600934BFA /* WatchDataController.swift in Sources */ = {isa = PBXBuildFile; fileRef = 304341442A76600600934BFA /* WatchDataController.swift */; };
		305018F82A767138006D1228 /* GoogleService-Info.plist in Resources */ = {isa = PBXBuildFile; fileRef = 307DE7032A731A15007E9F88 /* GoogleService-Info.plist */; };
		305018F92A767139006D1228 /* GoogleService-Info.plist in Resources */ = {isa = PBXBuildFile; fileRef = 307DE7032A731A15007E9F88 /* GoogleService-Info.plist */; };
		3057E2062A7042D1005A3858 /* DataController.swift in Sources */ = {isa = PBXBuildFile; fileRef = 3057E2052A7042D1005A3858 /* DataController.swift */; };
		306376962A64B0AB002B2A77 /* MainView.swift in Sources */ = {isa = PBXBuildFile; fileRef = 306376952A64B0AB002B2A77 /* MainView.swift */; };
		306376982A64B218002B2A77 /* MainViewModel.swift in Sources */ = {isa = PBXBuildFile; fileRef = 306376972A64B218002B2A77 /* MainViewModel.swift */; };
		3063769A2A64BCCA002B2A77 /* SuccessView.swift in Sources */ = {isa = PBXBuildFile; fileRef = 306376992A64BCCA002B2A77 /* SuccessView.swift */; };
		307F270F2A6E603B00DB4DD1 /* UserProgress.xcdatamodeld in Sources */ = {isa = PBXBuildFile; fileRef = 307F270D2A6E603B00DB4DD1 /* UserProgress.xcdatamodeld */; };
		307F27102A6E603B00DB4DD1 /* UserProgress.xcdatamodeld in Sources */ = {isa = PBXBuildFile; fileRef = 307F270D2A6E603B00DB4DD1 /* UserProgress.xcdatamodeld */; };
		308DF1D42A76270C00C1C0D2 /* SwiftJWT in Frameworks */ = {isa = PBXBuildFile; productRef = 308DF1D32A76270C00C1C0D2 /* SwiftJWT */; };
		309AA8D32A612F0600039E5C /* NotificationService.swift in Sources */ = {isa = PBXBuildFile; fileRef = 309AA8D22A612F0600039E5C /* NotificationService.swift */; };
		309AA8D72A612F0600039E5C /* Notification.appex in Embed Foundation Extensions */ = {isa = PBXBuildFile; fileRef = 309AA8D02A612F0600039E5C /* Notification.appex */; settings = {ATTRIBUTES = (RemoveHeadersOnCopy, ); }; };
		309AA8E02A644F7900039E5C /* LoginView.swift in Sources */ = {isa = PBXBuildFile; fileRef = 309AA8DF2A644F7900039E5C /* LoginView.swift */; };
		309AA8E22A644F9600039E5C /* LoginViewModel.swift in Sources */ = {isa = PBXBuildFile; fileRef = 309AA8E12A644F9600039E5C /* LoginViewModel.swift */; };
		309AA8E42A644FA500039E5C /* User.swift in Sources */ = {isa = PBXBuildFile; fileRef = 309AA8E32A644FA500039E5C /* User.swift */; };
		309AA8E62A644FBD00039E5C /* NicknameSetView.swift in Sources */ = {isa = PBXBuildFile; fileRef = 309AA8E52A644FBD00039E5C /* NicknameSetView.swift */; };
		309AA8E82A64655600039E5C /* CoupleCodeView.swift in Sources */ = {isa = PBXBuildFile; fileRef = 309AA8E72A64655600039E5C /* CoupleCodeView.swift */; };
		309AA8EA2A646CEF00039E5C /* InvitationView.swift in Sources */ = {isa = PBXBuildFile; fileRef = 309AA8E92A646CEF00039E5C /* InvitationView.swift */; };
		30A1C6B42A72E7F300D425C8 /* TestView.swift in Sources */ = {isa = PBXBuildFile; fileRef = 30A1C6B32A72E7F300D425C8 /* TestView.swift */; };
		30A1C6B62A72ED0400D425C8 /* FirebaseAuth in Frameworks */ = {isa = PBXBuildFile; productRef = 30A1C6B52A72ED0400D425C8 /* FirebaseAuth */; };
		30AA828A2A5E77AF0047B0B6 /* FirebaseAnalytics in Frameworks */ = {isa = PBXBuildFile; productRef = 30AA82892A5E77AF0047B0B6 /* FirebaseAnalytics */; };
		30AA828C2A5E77AF0047B0B6 /* FirebaseAnalyticsSwift in Frameworks */ = {isa = PBXBuildFile; productRef = 30AA828B2A5E77AF0047B0B6 /* FirebaseAnalyticsSwift */; };
		30AA828E2A5E77AF0047B0B6 /* FirebaseAuth in Frameworks */ = {isa = PBXBuildFile; productRef = 30AA828D2A5E77AF0047B0B6 /* FirebaseAuth */; };
		30AA82902A5E77AF0047B0B6 /* FirebaseDatabase in Frameworks */ = {isa = PBXBuildFile; productRef = 30AA828F2A5E77AF0047B0B6 /* FirebaseDatabase */; };
		30AA82922A5E77AF0047B0B6 /* FirebaseDatabaseSwift in Frameworks */ = {isa = PBXBuildFile; productRef = 30AA82912A5E77AF0047B0B6 /* FirebaseDatabaseSwift */; };
		30AA82942A5E77AF0047B0B6 /* FirebaseDynamicLinks in Frameworks */ = {isa = PBXBuildFile; productRef = 30AA82932A5E77AF0047B0B6 /* FirebaseDynamicLinks */; };
		30AA82962A5E77AF0047B0B6 /* FirebaseFirestore in Frameworks */ = {isa = PBXBuildFile; productRef = 30AA82952A5E77AF0047B0B6 /* FirebaseFirestore */; };
		30AA82982A5E77AF0047B0B6 /* FirebaseFirestoreSwift in Frameworks */ = {isa = PBXBuildFile; productRef = 30AA82972A5E77AF0047B0B6 /* FirebaseFirestoreSwift */; };
		30AA829A2A5E77AF0047B0B6 /* FirebaseMessaging in Frameworks */ = {isa = PBXBuildFile; productRef = 30AA82992A5E77AF0047B0B6 /* FirebaseMessaging */; };
		30AA829D2A5E77F90047B0B6 /* KakaoSDK in Frameworks */ = {isa = PBXBuildFile; productRef = 30AA829C2A5E77F90047B0B6 /* KakaoSDK */; };
		30AA829F2A5E77F90047B0B6 /* KakaoSDKAuth in Frameworks */ = {isa = PBXBuildFile; productRef = 30AA829E2A5E77F90047B0B6 /* KakaoSDKAuth */; };
		30AA82A12A5E77F90047B0B6 /* KakaoSDKCommon in Frameworks */ = {isa = PBXBuildFile; productRef = 30AA82A02A5E77F90047B0B6 /* KakaoSDKCommon */; };
		30AA82A32A5E77F90047B0B6 /* KakaoSDKUser in Frameworks */ = {isa = PBXBuildFile; productRef = 30AA82A22A5E77F90047B0B6 /* KakaoSDKUser */; };
		30FE86322A7179380050DA1D /* FirebaseDatabase in Frameworks */ = {isa = PBXBuildFile; productRef = 30FE86312A7179380050DA1D /* FirebaseDatabase */; };
		30FE86342A71793A0050DA1D /* FirebaseDatabaseSwift in Frameworks */ = {isa = PBXBuildFile; productRef = 30FE86332A71793A0050DA1D /* FirebaseDatabaseSwift */; };
		7349AFA22A78E18D002CE9C6 /* CompleteViewStatus.swift in Sources */ = {isa = PBXBuildFile; fileRef = 7349AFA12A78E18D002CE9C6 /* CompleteViewStatus.swift */; };
		739B971F2A6988AD00986A2D /* NotificationView.swift in Sources */ = {isa = PBXBuildFile; fileRef = 739B971B2A6988AD00986A2D /* NotificationView.swift */; };
		739B97282A6988EA00986A2D /* WatchProfileView.swift in Sources */ = {isa = PBXBuildFile; fileRef = 739B97262A6988EA00986A2D /* WatchProfileView.swift */; };
		739B97312A698A6300986A2D /* GeometryProxy+Extensions.swift in Sources */ = {isa = PBXBuildFile; fileRef = 739B972F2A698A6300986A2D /* GeometryProxy+Extensions.swift */; };
		739B97322A698A6300986A2D /* Color+Extensions.swift in Sources */ = {isa = PBXBuildFile; fileRef = 739B97302A698A6300986A2D /* Color+Extensions.swift */; };
		739B97352A698A8800986A2D /* MainPushView.swift in Sources */ = {isa = PBXBuildFile; fileRef = 739B97332A698A8800986A2D /* MainPushView.swift */; };
		739B97362A698A8800986A2D /* NotificationController.swift in Sources */ = {isa = PBXBuildFile; fileRef = 739B97342A698A8800986A2D /* NotificationController.swift */; };
		739B97382A698B3300986A2D /* ViewModelPhone.swift in Sources */ = {isa = PBXBuildFile; fileRef = 739B97372A698B3300986A2D /* ViewModelPhone.swift */; };
		73AB70342A7A330E00AB75B6 /* WidgetKit.framework in Frameworks */ = {isa = PBXBuildFile; fileRef = 73AB70332A7A330E00AB75B6 /* WidgetKit.framework */; };
		73AB70362A7A330E00AB75B6 /* SwiftUI.framework in Frameworks */ = {isa = PBXBuildFile; fileRef = 73AB70352A7A330E00AB75B6 /* SwiftUI.framework */; };
		73AB70392A7A330E00AB75B6 /* lub_dub_Complication.swift in Sources */ = {isa = PBXBuildFile; fileRef = 73AB70382A7A330E00AB75B6 /* lub_dub_Complication.swift */; };
		73AB703C2A7A330F00AB75B6 /* Assets.xcassets in Resources */ = {isa = PBXBuildFile; fileRef = 73AB703B2A7A330F00AB75B6 /* Assets.xcassets */; };
		73AB703E2A7A330F00AB75B6 /* lub_dub_Complication.intentdefinition in Sources */ = {isa = PBXBuildFile; fileRef = 73AB703A2A7A330E00AB75B6 /* lub_dub_Complication.intentdefinition */; };
		73AB703F2A7A330F00AB75B6 /* lub_dub_Complication.intentdefinition in Sources */ = {isa = PBXBuildFile; fileRef = 73AB703A2A7A330E00AB75B6 /* lub_dub_Complication.intentdefinition */; };
		73AB70422A7A330F00AB75B6 /* lub-dub ComplicationExtension.appex in Embed Foundation Extensions */ = {isa = PBXBuildFile; fileRef = 73AB70322A7A330E00AB75B6 /* lub-dub ComplicationExtension.appex */; settings = {ATTRIBUTES = (RemoveHeadersOnCopy, ); }; };
		73E18FDB2A769782005141BD /* AppDelegateViewModel.swift in Sources */ = {isa = PBXBuildFile; fileRef = 73E18FDA2A769782005141BD /* AppDelegateViewModel.swift */; };
		73E18FE02A769816005141BD /* ShareTextModalView.swift in Sources */ = {isa = PBXBuildFile; fileRef = 73E18FDF2A769816005141BD /* ShareTextModalView.swift */; };
/* End PBXBuildFile section */

/* Begin PBXContainerItemProxy section */
		1839B67A2A5E71D000066D47 /* PBXContainerItemProxy */ = {
			isa = PBXContainerItemProxy;
			containerPortal = 1839B64A2A5E71CD00066D47 /* Project object */;
			proxyType = 1;
			remoteGlobalIDString = 1839B6772A5E71D000066D47;
			remoteInfo = "luv-dub Watch App";
		};
		309AA8D52A612F0600039E5C /* PBXContainerItemProxy */ = {
			isa = PBXContainerItemProxy;
			containerPortal = 1839B64A2A5E71CD00066D47 /* Project object */;
			proxyType = 1;
			remoteGlobalIDString = 309AA8CF2A612F0600039E5C;
			remoteInfo = Notification;
		};
		73AB70402A7A330F00AB75B6 /* PBXContainerItemProxy */ = {
			isa = PBXContainerItemProxy;
			containerPortal = 1839B64A2A5E71CD00066D47 /* Project object */;
			proxyType = 1;
			remoteGlobalIDString = 73AB70312A7A330E00AB75B6;
			remoteInfo = "lub-dub ComplicationExtension";
		};
/* End PBXContainerItemProxy section */

/* Begin PBXCopyFilesBuildPhase section */
		1839B6A12A5E71D100066D47 /* Embed Watch Content */ = {
			isa = PBXCopyFilesBuildPhase;
			buildActionMask = 2147483647;
			dstPath = "$(CONTENTS_FOLDER_PATH)/Watch";
			dstSubfolderSpec = 16;
			files = (
				1839B6792A5E71D000066D47 /* luvdub.app in Embed Watch Content */,
			);
			name = "Embed Watch Content";
			runOnlyForDeploymentPostprocessing = 0;
		};
		309AA8DB2A612F0600039E5C /* Embed Foundation Extensions */ = {
			isa = PBXCopyFilesBuildPhase;
			buildActionMask = 2147483647;
			dstPath = "";
			dstSubfolderSpec = 13;
			files = (
				309AA8D72A612F0600039E5C /* Notification.appex in Embed Foundation Extensions */,
			);
			name = "Embed Foundation Extensions";
			runOnlyForDeploymentPostprocessing = 0;
		};
		73AB70432A7A330F00AB75B6 /* Embed Foundation Extensions */ = {
			isa = PBXCopyFilesBuildPhase;
			buildActionMask = 2147483647;
			dstPath = "";
			dstSubfolderSpec = 13;
			files = (
				73AB70422A7A330F00AB75B6 /* lub-dub ComplicationExtension.appex in Embed Foundation Extensions */,
			);
			name = "Embed Foundation Extensions";
			runOnlyForDeploymentPostprocessing = 0;
		};
/* End PBXCopyFilesBuildPhase section */

/* Begin PBXFileReference section */
		18191BC32A63BD1200E9719B /* RoundAnimation.swift */ = {isa = PBXFileReference; lastKnownFileType = sourcecode.swift; path = RoundAnimation.swift; sourceTree = "<group>"; };
		182E2CC32A71846900E7255D /* HeartNumbersView.swift */ = {isa = PBXFileReference; lastKnownFileType = sourcecode.swift; path = HeartNumbersView.swift; sourceTree = "<group>"; };
		182E2CC52A724D5700E7255D /* HeartTimerView.swift */ = {isa = PBXFileReference; lastKnownFileType = sourcecode.swift; path = HeartTimerView.swift; sourceTree = "<group>"; };
		182E2CC72A724E3900E7255D /* HeartStatus.swift */ = {isa = PBXFileReference; lastKnownFileType = sourcecode.swift; path = HeartStatus.swift; sourceTree = "<group>"; };
		182E2CC92A7250DB00E7255D /* TextStyle.swift */ = {isa = PBXFileReference; lastKnownFileType = sourcecode.swift; path = TextStyle.swift; sourceTree = "<group>"; };
		1839B6522A5E71CE00066D47 /* luv-dub.app */ = {isa = PBXFileReference; explicitFileType = wrapper.application; includeInIndex = 0; path = "luv-dub.app"; sourceTree = BUILT_PRODUCTS_DIR; };
		1839B6552A5E71CE00066D47 /* luv_dubApp.swift */ = {isa = PBXFileReference; lastKnownFileType = sourcecode.swift; path = luv_dubApp.swift; sourceTree = "<group>"; };
		1839B6572A5E71CE00066D47 /* ContentView.swift */ = {isa = PBXFileReference; lastKnownFileType = sourcecode.swift; path = ContentView.swift; sourceTree = "<group>"; };
		1839B6592A5E71D000066D47 /* Assets.xcassets */ = {isa = PBXFileReference; lastKnownFileType = folder.assetcatalog; path = Assets.xcassets; sourceTree = "<group>"; };
		1839B65C2A5E71D000066D47 /* Preview Assets.xcassets */ = {isa = PBXFileReference; lastKnownFileType = folder.assetcatalog; path = "Preview Assets.xcassets"; sourceTree = "<group>"; };
		1839B6782A5E71D000066D47 /* luvdub.app */ = {isa = PBXFileReference; explicitFileType = wrapper.application; includeInIndex = 0; path = luvdub.app; sourceTree = BUILT_PRODUCTS_DIR; };
		1839B67D2A5E71D000066D47 /* luv_dubApp.swift */ = {isa = PBXFileReference; lastKnownFileType = sourcecode.swift; path = luv_dubApp.swift; sourceTree = "<group>"; };
		1839B6812A5E71D100066D47 /* Assets.xcassets */ = {isa = PBXFileReference; lastKnownFileType = folder.assetcatalog; path = Assets.xcassets; sourceTree = "<group>"; };
		1839B6842A5E71D100066D47 /* Preview Assets.xcassets */ = {isa = PBXFileReference; lastKnownFileType = folder.assetcatalog; path = "Preview Assets.xcassets"; sourceTree = "<group>"; };
		1844A3442A713FB30083A04E /* TransmissionStatus.swift */ = {isa = PBXFileReference; lastKnownFileType = sourcecode.swift; path = TransmissionStatus.swift; sourceTree = "<group>"; };
		1844A3472A7147EB0083A04E /* BlinkLoading.swift */ = {isa = PBXFileReference; lastKnownFileType = sourcecode.swift; path = BlinkLoading.swift; sourceTree = "<group>"; };
		184E98302A70185F00335BE9 /* SendButtonView.swift */ = {isa = PBXFileReference; lastKnownFileType = sourcecode.swift; path = SendButtonView.swift; sourceTree = "<group>"; };
		184E98322A701EBA00335BE9 /* MainPushViewModel.swift */ = {isa = PBXFileReference; fileEncoding = 4; lastKnownFileType = sourcecode.swift; path = MainPushViewModel.swift; sourceTree = "<group>"; };
		184E98362A70220200335BE9 /* ButtonViewModel.swift */ = {isa = PBXFileReference; lastKnownFileType = sourcecode.swift; path = ButtonViewModel.swift; sourceTree = "<group>"; };
		184E98382A7029EF00335BE9 /* ViewModelWatch.swift */ = {isa = PBXFileReference; fileEncoding = 4; lastKnownFileType = sourcecode.swift; path = ViewModelWatch.swift; sourceTree = "<group>"; };
		18AE9C302A702B4500D543DB /* ProgressBar.swift */ = {isa = PBXFileReference; lastKnownFileType = sourcecode.swift; path = ProgressBar.swift; sourceTree = "<group>"; };
		18AE9C322A7037F500D543DB /* ProgressViewModel.swift */ = {isa = PBXFileReference; lastKnownFileType = sourcecode.swift; path = ProgressViewModel.swift; sourceTree = "<group>"; };
		18AE9C342A70E2CC00D543DB /* StatusView.swift */ = {isa = PBXFileReference; lastKnownFileType = sourcecode.swift; path = StatusView.swift; sourceTree = "<group>"; };
		18AE9C362A710DB400D543DB /* ContentView.swift */ = {isa = PBXFileReference; lastKnownFileType = sourcecode.swift; path = ContentView.swift; sourceTree = "<group>"; };
		3028397A2A768985004504DB /* GoogleService-Info-Watch.plist */ = {isa = PBXFileReference; fileEncoding = 4; lastKnownFileType = text.plist.xml; path = "GoogleService-Info-Watch.plist"; sourceTree = "<group>"; };
		304341412A765F2C00934BFA /* WatchInfo.xcdatamodel */ = {isa = PBXFileReference; lastKnownFileType = wrapper.xcdatamodel; path = WatchInfo.xcdatamodel; sourceTree = "<group>"; };
		304341442A76600600934BFA /* WatchDataController.swift */ = {isa = PBXFileReference; lastKnownFileType = sourcecode.swift; path = WatchDataController.swift; sourceTree = "<group>"; };
		304E26B52A7305C700526CA0 /* luv-dub Watch App.entitlements */ = {isa = PBXFileReference; lastKnownFileType = text.plist.entitlements; path = "luv-dub Watch App.entitlements"; sourceTree = "<group>"; };
		3057E2052A7042D1005A3858 /* DataController.swift */ = {isa = PBXFileReference; lastKnownFileType = sourcecode.swift; path = DataController.swift; sourceTree = "<group>"; };
		306376952A64B0AB002B2A77 /* MainView.swift */ = {isa = PBXFileReference; lastKnownFileType = sourcecode.swift; path = MainView.swift; sourceTree = "<group>"; };
		306376972A64B218002B2A77 /* MainViewModel.swift */ = {isa = PBXFileReference; lastKnownFileType = sourcecode.swift; path = MainViewModel.swift; sourceTree = "<group>"; };
		306376992A64BCCA002B2A77 /* SuccessView.swift */ = {isa = PBXFileReference; lastKnownFileType = sourcecode.swift; path = SuccessView.swift; sourceTree = "<group>"; };
		307DE7032A731A15007E9F88 /* GoogleService-Info.plist */ = {isa = PBXFileReference; fileEncoding = 4; lastKnownFileType = text.plist.xml; path = "GoogleService-Info.plist"; sourceTree = "<group>"; };
		307F270E2A6E603B00DB4DD1 /* UserModel.xcdatamodel */ = {isa = PBXFileReference; lastKnownFileType = wrapper.xcdatamodel; path = UserModel.xcdatamodel; sourceTree = "<group>"; };
		309AA8D02A612F0600039E5C /* Notification.appex */ = {isa = PBXFileReference; explicitFileType = "wrapper.app-extension"; includeInIndex = 0; path = Notification.appex; sourceTree = BUILT_PRODUCTS_DIR; };
		309AA8D22A612F0600039E5C /* NotificationService.swift */ = {isa = PBXFileReference; lastKnownFileType = sourcecode.swift; path = NotificationService.swift; sourceTree = "<group>"; };
		309AA8D42A612F0600039E5C /* Info.plist */ = {isa = PBXFileReference; lastKnownFileType = text.plist.xml; path = Info.plist; sourceTree = "<group>"; };
		309AA8DF2A644F7900039E5C /* LoginView.swift */ = {isa = PBXFileReference; lastKnownFileType = sourcecode.swift; path = LoginView.swift; sourceTree = "<group>"; };
		309AA8E12A644F9600039E5C /* LoginViewModel.swift */ = {isa = PBXFileReference; lastKnownFileType = sourcecode.swift; path = LoginViewModel.swift; sourceTree = "<group>"; };
		309AA8E32A644FA500039E5C /* User.swift */ = {isa = PBXFileReference; lastKnownFileType = sourcecode.swift; path = User.swift; sourceTree = "<group>"; };
		309AA8E52A644FBD00039E5C /* NicknameSetView.swift */ = {isa = PBXFileReference; lastKnownFileType = sourcecode.swift; path = NicknameSetView.swift; sourceTree = "<group>"; };
		309AA8E72A64655600039E5C /* CoupleCodeView.swift */ = {isa = PBXFileReference; lastKnownFileType = sourcecode.swift; path = CoupleCodeView.swift; sourceTree = "<group>"; };
		309AA8E92A646CEF00039E5C /* InvitationView.swift */ = {isa = PBXFileReference; lastKnownFileType = sourcecode.swift; path = InvitationView.swift; sourceTree = "<group>"; };
		30A1C6B32A72E7F300D425C8 /* TestView.swift */ = {isa = PBXFileReference; lastKnownFileType = sourcecode.swift; path = TestView.swift; sourceTree = "<group>"; };
		30AA82A42A5E780B0047B0B6 /* luv-dub.entitlements */ = {isa = PBXFileReference; lastKnownFileType = text.plist.entitlements; path = "luv-dub.entitlements"; sourceTree = "<group>"; };
		30AA82A82A5E7B7F0047B0B6 /* Info.plist */ = {isa = PBXFileReference; lastKnownFileType = text.plist; path = Info.plist; sourceTree = "<group>"; };
		30FE86372A719E930050DA1D /* luv-dub-Watch-App-Info.plist */ = {isa = PBXFileReference; lastKnownFileType = text.plist; path = "luv-dub-Watch-App-Info.plist"; sourceTree = SOURCE_ROOT; };
		7349AFA12A78E18D002CE9C6 /* CompleteViewStatus.swift */ = {isa = PBXFileReference; fileEncoding = 4; lastKnownFileType = sourcecode.swift; path = CompleteViewStatus.swift; sourceTree = "<group>"; };
		739B971B2A6988AD00986A2D /* NotificationView.swift */ = {isa = PBXFileReference; fileEncoding = 4; lastKnownFileType = sourcecode.swift; path = NotificationView.swift; sourceTree = "<group>"; };
		739B97262A6988EA00986A2D /* WatchProfileView.swift */ = {isa = PBXFileReference; fileEncoding = 4; lastKnownFileType = sourcecode.swift; name = WatchProfileView.swift; path = "luv-dub Watch App/View/WatchProfileView.swift"; sourceTree = SOURCE_ROOT; };
		739B972F2A698A6300986A2D /* GeometryProxy+Extensions.swift */ = {isa = PBXFileReference; fileEncoding = 4; lastKnownFileType = sourcecode.swift; path = "GeometryProxy+Extensions.swift"; sourceTree = "<group>"; };
		739B97302A698A6300986A2D /* Color+Extensions.swift */ = {isa = PBXFileReference; fileEncoding = 4; lastKnownFileType = sourcecode.swift; path = "Color+Extensions.swift"; sourceTree = "<group>"; };
		739B97332A698A8800986A2D /* MainPushView.swift */ = {isa = PBXFileReference; fileEncoding = 4; lastKnownFileType = sourcecode.swift; path = MainPushView.swift; sourceTree = "<group>"; };
		739B97342A698A8800986A2D /* NotificationController.swift */ = {isa = PBXFileReference; fileEncoding = 4; lastKnownFileType = sourcecode.swift; path = NotificationController.swift; sourceTree = "<group>"; };
		739B97372A698B3300986A2D /* ViewModelPhone.swift */ = {isa = PBXFileReference; fileEncoding = 4; lastKnownFileType = sourcecode.swift; path = ViewModelPhone.swift; sourceTree = "<group>"; };
		73AB70322A7A330E00AB75B6 /* lub-dub ComplicationExtension.appex */ = {isa = PBXFileReference; explicitFileType = "wrapper.app-extension"; includeInIndex = 0; path = "lub-dub ComplicationExtension.appex"; sourceTree = BUILT_PRODUCTS_DIR; };
		73AB70332A7A330E00AB75B6 /* WidgetKit.framework */ = {isa = PBXFileReference; lastKnownFileType = wrapper.framework; name = WidgetKit.framework; path = System/Library/Frameworks/WidgetKit.framework; sourceTree = SDKROOT; };
		73AB70352A7A330E00AB75B6 /* SwiftUI.framework */ = {isa = PBXFileReference; lastKnownFileType = wrapper.framework; name = SwiftUI.framework; path = System/Library/Frameworks/SwiftUI.framework; sourceTree = SDKROOT; };
		73AB70382A7A330E00AB75B6 /* lub_dub_Complication.swift */ = {isa = PBXFileReference; lastKnownFileType = sourcecode.swift; path = lub_dub_Complication.swift; sourceTree = "<group>"; };
		73AB703A2A7A330E00AB75B6 /* lub_dub_Complication.intentdefinition */ = {isa = PBXFileReference; lastKnownFileType = file.intentdefinition; path = lub_dub_Complication.intentdefinition; sourceTree = "<group>"; };
		73AB703B2A7A330F00AB75B6 /* Assets.xcassets */ = {isa = PBXFileReference; lastKnownFileType = folder.assetcatalog; path = Assets.xcassets; sourceTree = "<group>"; };
		73AB703D2A7A330F00AB75B6 /* Info.plist */ = {isa = PBXFileReference; lastKnownFileType = text.plist.xml; path = Info.plist; sourceTree = "<group>"; };
		73E18FDA2A769782005141BD /* AppDelegateViewModel.swift */ = {isa = PBXFileReference; fileEncoding = 4; lastKnownFileType = sourcecode.swift; path = AppDelegateViewModel.swift; sourceTree = "<group>"; };
		73E18FDF2A769816005141BD /* ShareTextModalView.swift */ = {isa = PBXFileReference; fileEncoding = 4; lastKnownFileType = sourcecode.swift; path = ShareTextModalView.swift; sourceTree = "<group>"; };
/* End PBXFileReference section */

/* Begin PBXFrameworksBuildPhase section */
		1839B64F2A5E71CE00066D47 /* Frameworks */ = {
			isa = PBXFrameworksBuildPhase;
			buildActionMask = 2147483647;
			files = (
				30AA829A2A5E77AF0047B0B6 /* FirebaseMessaging in Frameworks */,
				30AA829D2A5E77F90047B0B6 /* KakaoSDK in Frameworks */,
				30AA82922A5E77AF0047B0B6 /* FirebaseDatabaseSwift in Frameworks */,
				30AA828C2A5E77AF0047B0B6 /* FirebaseAnalyticsSwift in Frameworks */,
				30AA82A12A5E77F90047B0B6 /* KakaoSDKCommon in Frameworks */,
				30AA828E2A5E77AF0047B0B6 /* FirebaseAuth in Frameworks */,
				30AA82902A5E77AF0047B0B6 /* FirebaseDatabase in Frameworks */,
				30AA829F2A5E77F90047B0B6 /* KakaoSDKAuth in Frameworks */,
				30AA82A32A5E77F90047B0B6 /* KakaoSDKUser in Frameworks */,
				30AA828A2A5E77AF0047B0B6 /* FirebaseAnalytics in Frameworks */,
				30AA82942A5E77AF0047B0B6 /* FirebaseDynamicLinks in Frameworks */,
				30AA82962A5E77AF0047B0B6 /* FirebaseFirestore in Frameworks */,
				308DF1D42A76270C00C1C0D2 /* SwiftJWT in Frameworks */,
				30AA82982A5E77AF0047B0B6 /* FirebaseFirestoreSwift in Frameworks */,
			);
			runOnlyForDeploymentPostprocessing = 0;
		};
		1839B6752A5E71D000066D47 /* Frameworks */ = {
			isa = PBXFrameworksBuildPhase;
			buildActionMask = 2147483647;
			files = (
				30FE86342A71793A0050DA1D /* FirebaseDatabaseSwift in Frameworks */,
				30A1C6B62A72ED0400D425C8 /* FirebaseAuth in Frameworks */,
				30FE86322A7179380050DA1D /* FirebaseDatabase in Frameworks */,
				303CFE9F2A5F2D3C003931F3 /* FirebaseAnalytics in Frameworks */,
				303CFE9D2A5F2D31003931F3 /* FirebaseMessaging in Frameworks */,
			);
			runOnlyForDeploymentPostprocessing = 0;
		};
		309AA8CD2A612F0600039E5C /* Frameworks */ = {
			isa = PBXFrameworksBuildPhase;
			buildActionMask = 2147483647;
			files = (
			);
			runOnlyForDeploymentPostprocessing = 0;
		};
		73AB702F2A7A330E00AB75B6 /* Frameworks */ = {
			isa = PBXFrameworksBuildPhase;
			buildActionMask = 2147483647;
			files = (
				73AB70362A7A330E00AB75B6 /* SwiftUI.framework in Frameworks */,
				73AB70342A7A330E00AB75B6 /* WidgetKit.framework in Frameworks */,
			);
			runOnlyForDeploymentPostprocessing = 0;
		};
/* End PBXFrameworksBuildPhase section */

/* Begin PBXGroup section */
		1839B6492A5E71CD00066D47 = {
			isa = PBXGroup;
			children = (
				30A1C6AE2A72DF7F00D425C8 /* Resources */,
				1839B6542A5E71CE00066D47 /* luv-dub */,
				1839B67C2A5E71D000066D47 /* luv-dub Watch App */,
				309AA8D12A612F0600039E5C /* Notification */,
				73AB70372A7A330E00AB75B6 /* lub-dub Complication */,
				1839B6532A5E71CE00066D47 /* Products */,
				303CFE9B2A5F2D31003931F3 /* Frameworks */,
			);
			sourceTree = "<group>";
		};
		1839B6532A5E71CE00066D47 /* Products */ = {
			isa = PBXGroup;
			children = (
				1839B6522A5E71CE00066D47 /* luv-dub.app */,
				1839B6782A5E71D000066D47 /* luvdub.app */,
				309AA8D02A612F0600039E5C /* Notification.appex */,
				73AB70322A7A330E00AB75B6 /* lub-dub ComplicationExtension.appex */,
			);
			name = Products;
			sourceTree = "<group>";
		};
		1839B6542A5E71CE00066D47 /* luv-dub */ = {
			isa = PBXGroup;
			children = (
				307F270D2A6E603B00DB4DD1 /* UserProgress.xcdatamodeld */,
				309AA8DE2A644F2300039E5C /* Model */,
				309AA8DD2A644F1A00039E5C /* ViewModel */,
				309AA8DC2A644F1400039E5C /* View */,
				30AA82A82A5E7B7F0047B0B6 /* Info.plist */,
				30AA82A42A5E780B0047B0B6 /* luv-dub.entitlements */,
				1839B6552A5E71CE00066D47 /* luv_dubApp.swift */,
				1839B6572A5E71CE00066D47 /* ContentView.swift */,
				1839B6592A5E71D000066D47 /* Assets.xcassets */,
				1839B65B2A5E71D000066D47 /* Preview Content */,
			);
			path = "luv-dub";
			sourceTree = "<group>";
		};
		1839B65B2A5E71D000066D47 /* Preview Content */ = {
			isa = PBXGroup;
			children = (
				1839B65C2A5E71D000066D47 /* Preview Assets.xcassets */,
			);
			path = "Preview Content";
			sourceTree = "<group>";
		};
		1839B67C2A5E71D000066D47 /* luv-dub Watch App */ = {
			isa = PBXGroup;
			children = (
				304341402A765F2C00934BFA /* WatchInfo.xcdatamodeld */,
				304E26B52A7305C700526CA0 /* luv-dub Watch App.entitlements */,
				30FE86372A719E930050DA1D /* luv-dub-Watch-App-Info.plist */,
				1844A3432A713F630083A04E /* Constants */,
				739B972E2A698A6300986A2D /* Extension */,
				18AE9C2F2A702B0C00D543DB /* View */,
				184E98342A70219F00335BE9 /* ViewModel */,
				1839B67D2A5E71D000066D47 /* luv_dubApp.swift */,
				739B97332A698A8800986A2D /* MainPushView.swift */,
				739B97342A698A8800986A2D /* NotificationController.swift */,
				18191BC32A63BD1200E9719B /* RoundAnimation.swift */,
				1839B6812A5E71D100066D47 /* Assets.xcassets */,
				1839B6832A5E71D100066D47 /* Preview Content */,
				30A1C6B32A72E7F300D425C8 /* TestView.swift */,
				304341442A76600600934BFA /* WatchDataController.swift */,
			);
			path = "luv-dub Watch App";
			sourceTree = "<group>";
		};
		1839B6832A5E71D100066D47 /* Preview Content */ = {
			isa = PBXGroup;
			children = (
				1839B6842A5E71D100066D47 /* Preview Assets.xcassets */,
			);
			path = "Preview Content";
			sourceTree = "<group>";
		};
		1844A3432A713F630083A04E /* Constants */ = {
			isa = PBXGroup;
			children = (
				7349AFA12A78E18D002CE9C6 /* CompleteViewStatus.swift */,
				1844A3442A713FB30083A04E /* TransmissionStatus.swift */,
				182E2CC72A724E3900E7255D /* HeartStatus.swift */,
			);
			path = Constants;
			sourceTree = "<group>";
		};
		1844A3462A7147A00083A04E /* Components */ = {
			isa = PBXGroup;
			children = (
				18AE9C302A702B4500D543DB /* ProgressBar.swift */,
				1844A3472A7147EB0083A04E /* BlinkLoading.swift */,
				182E2CC92A7250DB00E7255D /* TextStyle.swift */,
			);
			path = Components;
			sourceTree = "<group>";
		};
		184E98342A70219F00335BE9 /* ViewModel */ = {
			isa = PBXGroup;
			children = (
				184E98322A701EBA00335BE9 /* MainPushViewModel.swift */,
				184E98382A7029EF00335BE9 /* ViewModelWatch.swift */,
				184E98362A70220200335BE9 /* ButtonViewModel.swift */,
				18AE9C322A7037F500D543DB /* ProgressViewModel.swift */,
			);
			path = ViewModel;
			sourceTree = "<group>";
		};
		18AE9C2F2A702B0C00D543DB /* View */ = {
			isa = PBXGroup;
			children = (
				18AE9C362A710DB400D543DB /* ContentView.swift */,
				739B97262A6988EA00986A2D /* WatchProfileView.swift */,
				1844A3462A7147A00083A04E /* Components */,
				731E20262A80D05500805561 /* InMain */,
				731E20272A80D09000805561 /* InNotification */,
			);
			path = View;
			sourceTree = "<group>";
		};
		303CFE9B2A5F2D31003931F3 /* Frameworks */ = {
			isa = PBXGroup;
			children = (
				73AB70332A7A330E00AB75B6 /* WidgetKit.framework */,
				73AB70352A7A330E00AB75B6 /* SwiftUI.framework */,
			);
			name = Frameworks;
			sourceTree = "<group>";
		};
		306376942A649579002B2A77 /* OnBoarding */ = {
			isa = PBXGroup;
			children = (
				309AA8E72A64655600039E5C /* CoupleCodeView.swift */,
				309AA8E92A646CEF00039E5C /* InvitationView.swift */,
				309AA8E52A644FBD00039E5C /* NicknameSetView.swift */,
				306376992A64BCCA002B2A77 /* SuccessView.swift */,
			);
			path = OnBoarding;
			sourceTree = "<group>";
		};
		309AA8D12A612F0600039E5C /* Notification */ = {
			isa = PBXGroup;
			children = (
				309AA8D22A612F0600039E5C /* NotificationService.swift */,
				309AA8D42A612F0600039E5C /* Info.plist */,
			);
			path = Notification;
			sourceTree = "<group>";
		};
		309AA8DC2A644F1400039E5C /* View */ = {
			isa = PBXGroup;
			children = (
				73E18FE22A769829005141BD /* System */,
				306376942A649579002B2A77 /* OnBoarding */,
				309AA8DF2A644F7900039E5C /* LoginView.swift */,
				306376952A64B0AB002B2A77 /* MainView.swift */,
			);
			path = View;
			sourceTree = "<group>";
		};
		309AA8DD2A644F1A00039E5C /* ViewModel */ = {
			isa = PBXGroup;
			children = (
				73E18FDA2A769782005141BD /* AppDelegateViewModel.swift */,
				309AA8E12A644F9600039E5C /* LoginViewModel.swift */,
				739B97372A698B3300986A2D /* ViewModelPhone.swift */,
				306376972A64B218002B2A77 /* MainViewModel.swift */,
				3057E2052A7042D1005A3858 /* DataController.swift */,
			);
			path = ViewModel;
			sourceTree = "<group>";
		};
		309AA8DE2A644F2300039E5C /* Model */ = {
			isa = PBXGroup;
			children = (
				309AA8E32A644FA500039E5C /* User.swift */,
			);
			path = Model;
			sourceTree = "<group>";
		};
		30A1C6AE2A72DF7F00D425C8 /* Resources */ = {
			isa = PBXGroup;
			children = (
				30A1C6AF2A72DF8900D425C8 /* Firebase */,
			);
			path = Resources;
			sourceTree = "<group>";
		};
		30A1C6AF2A72DF8900D425C8 /* Firebase */ = {
			isa = PBXGroup;
			children = (
				3028397A2A768985004504DB /* GoogleService-Info-Watch.plist */,
				307DE7032A731A15007E9F88 /* GoogleService-Info.plist */,
			);
			path = Firebase;
			sourceTree = "<group>";
		};
		731E20262A80D05500805561 /* InMain */ = {
			isa = PBXGroup;
			children = (
				182E2CC52A724D5700E7255D /* HeartTimerView.swift */,
				182E2CC32A71846900E7255D /* HeartNumbersView.swift */,
				18AE9C342A70E2CC00D543DB /* StatusView.swift */,
				184E98302A70185F00335BE9 /* SendButtonView.swift */,
			);
			path = InMain;
			sourceTree = "<group>";
		};
		731E20272A80D09000805561 /* InNotification */ = {
			isa = PBXGroup;
			children = (
				739B971B2A6988AD00986A2D /* NotificationView.swift */,
			);
			path = InNotification;
			sourceTree = "<group>";
		};
		739B972E2A698A6300986A2D /* Extension */ = {
			isa = PBXGroup;
			children = (
				739B972F2A698A6300986A2D /* GeometryProxy+Extensions.swift */,
				739B97302A698A6300986A2D /* Color+Extensions.swift */,
			);
			path = Extension;
			sourceTree = "<group>";
		};
		73AB70372A7A330E00AB75B6 /* lub-dub Complication */ = {
			isa = PBXGroup;
			children = (
				73AB70382A7A330E00AB75B6 /* lub_dub_Complication.swift */,
				73AB703A2A7A330E00AB75B6 /* lub_dub_Complication.intentdefinition */,
				73AB703B2A7A330F00AB75B6 /* Assets.xcassets */,
				73AB703D2A7A330F00AB75B6 /* Info.plist */,
			);
			path = "lub-dub Complication";
			sourceTree = "<group>";
		};
		73E18FE22A769829005141BD /* System */ = {
			isa = PBXGroup;
			children = (
				73E18FDF2A769816005141BD /* ShareTextModalView.swift */,
			);
			name = System;
			path = "luv-dub/View/System";
			sourceTree = SOURCE_ROOT;
		};
/* End PBXGroup section */

/* Begin PBXNativeTarget section */
		1839B6512A5E71CE00066D47 /* luv-dub */ = {
			isa = PBXNativeTarget;
			buildConfigurationList = 1839B6A22A5E71D100066D47 /* Build configuration list for PBXNativeTarget "luv-dub" */;
			buildPhases = (
				1839B64E2A5E71CE00066D47 /* Sources */,
				1839B64F2A5E71CE00066D47 /* Frameworks */,
				1839B6502A5E71CE00066D47 /* Resources */,
				1839B6A12A5E71D100066D47 /* Embed Watch Content */,
				309AA8DB2A612F0600039E5C /* Embed Foundation Extensions */,
			);
			buildRules = (
			);
			dependencies = (
				1839B67B2A5E71D000066D47 /* PBXTargetDependency */,
				309AA8D62A612F0600039E5C /* PBXTargetDependency */,
			);
			name = "luv-dub";
			packageProductDependencies = (
				30AA82892A5E77AF0047B0B6 /* FirebaseAnalytics */,
				30AA828B2A5E77AF0047B0B6 /* FirebaseAnalyticsSwift */,
				30AA828D2A5E77AF0047B0B6 /* FirebaseAuth */,
				30AA828F2A5E77AF0047B0B6 /* FirebaseDatabase */,
				30AA82912A5E77AF0047B0B6 /* FirebaseDatabaseSwift */,
				30AA82932A5E77AF0047B0B6 /* FirebaseDynamicLinks */,
				30AA82952A5E77AF0047B0B6 /* FirebaseFirestore */,
				30AA82972A5E77AF0047B0B6 /* FirebaseFirestoreSwift */,
				30AA82992A5E77AF0047B0B6 /* FirebaseMessaging */,
				30AA829C2A5E77F90047B0B6 /* KakaoSDK */,
				30AA829E2A5E77F90047B0B6 /* KakaoSDKAuth */,
				30AA82A02A5E77F90047B0B6 /* KakaoSDKCommon */,
				30AA82A22A5E77F90047B0B6 /* KakaoSDKUser */,
				308DF1D32A76270C00C1C0D2 /* SwiftJWT */,
			);
			productName = "luv-dub";
			productReference = 1839B6522A5E71CE00066D47 /* luv-dub.app */;
			productType = "com.apple.product-type.application";
		};
		1839B6772A5E71D000066D47 /* luv-dub Watch App */ = {
			isa = PBXNativeTarget;
			buildConfigurationList = 1839B69E2A5E71D100066D47 /* Build configuration list for PBXNativeTarget "luv-dub Watch App" */;
			buildPhases = (
				1839B6742A5E71D000066D47 /* Sources */,
				1839B6752A5E71D000066D47 /* Frameworks */,
				1839B6762A5E71D000066D47 /* Resources */,
				73AB70432A7A330F00AB75B6 /* Embed Foundation Extensions */,
			);
			buildRules = (
			);
			dependencies = (
				73AB70412A7A330F00AB75B6 /* PBXTargetDependency */,
			);
			name = "luv-dub Watch App";
			packageProductDependencies = (
				303CFE9C2A5F2D31003931F3 /* FirebaseMessaging */,
				303CFE9E2A5F2D3C003931F3 /* FirebaseAnalytics */,
				30FE86312A7179380050DA1D /* FirebaseDatabase */,
				30FE86332A71793A0050DA1D /* FirebaseDatabaseSwift */,
				30A1C6B52A72ED0400D425C8 /* FirebaseAuth */,
			);
			productName = "luv-dub Watch App";
			productReference = 1839B6782A5E71D000066D47 /* luvdub.app */;
			productType = "com.apple.product-type.application";
		};
		309AA8CF2A612F0600039E5C /* Notification */ = {
			isa = PBXNativeTarget;
			buildConfigurationList = 309AA8D82A612F0600039E5C /* Build configuration list for PBXNativeTarget "Notification" */;
			buildPhases = (
				309AA8CC2A612F0600039E5C /* Sources */,
				309AA8CD2A612F0600039E5C /* Frameworks */,
				309AA8CE2A612F0600039E5C /* Resources */,
			);
			buildRules = (
			);
			dependencies = (
			);
			name = Notification;
			productName = Notification;
			productReference = 309AA8D02A612F0600039E5C /* Notification.appex */;
			productType = "com.apple.product-type.app-extension";
		};
		73AB70312A7A330E00AB75B6 /* lub-dub ComplicationExtension */ = {
			isa = PBXNativeTarget;
			buildConfigurationList = 73AB70462A7A330F00AB75B6 /* Build configuration list for PBXNativeTarget "lub-dub ComplicationExtension" */;
			buildPhases = (
				73AB702E2A7A330E00AB75B6 /* Sources */,
				73AB702F2A7A330E00AB75B6 /* Frameworks */,
				73AB70302A7A330E00AB75B6 /* Resources */,
			);
			buildRules = (
			);
			dependencies = (
			);
			name = "lub-dub ComplicationExtension";
			productName = "lub-dub ComplicationExtension";
			productReference = 73AB70322A7A330E00AB75B6 /* lub-dub ComplicationExtension.appex */;
			productType = "com.apple.product-type.app-extension";
		};
/* End PBXNativeTarget section */

/* Begin PBXProject section */
		1839B64A2A5E71CD00066D47 /* Project object */ = {
			isa = PBXProject;
			attributes = {
				BuildIndependentTargetsInParallel = 1;
				LastSwiftUpdateCheck = 1430;
				LastUpgradeCheck = 1430;
				TargetAttributes = {
					1839B6512A5E71CE00066D47 = {
						CreatedOnToolsVersion = 14.3.1;
					};
					1839B6772A5E71D000066D47 = {
						CreatedOnToolsVersion = 14.3.1;
					};
					309AA8CF2A612F0600039E5C = {
						CreatedOnToolsVersion = 14.3.1;
					};
					73AB70312A7A330E00AB75B6 = {
						CreatedOnToolsVersion = 14.3.1;
					};
				};
			};
			buildConfigurationList = 1839B64D2A5E71CD00066D47 /* Build configuration list for PBXProject "luv-dub" */;
			compatibilityVersion = "Xcode 14.0";
			developmentRegion = en;
			hasScannedForEncodings = 0;
			knownRegions = (
				en,
				Base,
			);
			mainGroup = 1839B6492A5E71CD00066D47;
			packageReferences = (
				30AA82882A5E77AF0047B0B6 /* XCRemoteSwiftPackageReference "firebase-ios-sdk" */,
				30AA829B2A5E77F90047B0B6 /* XCRemoteSwiftPackageReference "kakao-ios-sdk" */,
				308DF1D22A76270C00C1C0D2 /* XCRemoteSwiftPackageReference "Swift-JWT" */,
			);
			productRefGroup = 1839B6532A5E71CE00066D47 /* Products */;
			projectDirPath = "";
			projectRoot = "";
			targets = (
				1839B6512A5E71CE00066D47 /* luv-dub */,
				1839B6772A5E71D000066D47 /* luv-dub Watch App */,
				309AA8CF2A612F0600039E5C /* Notification */,
				73AB70312A7A330E00AB75B6 /* lub-dub ComplicationExtension */,
			);
		};
/* End PBXProject section */

/* Begin PBXResourcesBuildPhase section */
		1839B6502A5E71CE00066D47 /* Resources */ = {
			isa = PBXResourcesBuildPhase;
			buildActionMask = 2147483647;
			files = (
				1839B65D2A5E71D000066D47 /* Preview Assets.xcassets in Resources */,
				305018F82A767138006D1228 /* GoogleService-Info.plist in Resources */,
				1839B65A2A5E71D000066D47 /* Assets.xcassets in Resources */,
			);
			runOnlyForDeploymentPostprocessing = 0;
		};
		1839B6762A5E71D000066D47 /* Resources */ = {
			isa = PBXResourcesBuildPhase;
			buildActionMask = 2147483647;
			files = (
				3028397B2A768985004504DB /* GoogleService-Info-Watch.plist in Resources */,
				1839B6852A5E71D100066D47 /* Preview Assets.xcassets in Resources */,
				1839B6822A5E71D100066D47 /* Assets.xcassets in Resources */,
				305018F92A767139006D1228 /* GoogleService-Info.plist in Resources */,
			);
			runOnlyForDeploymentPostprocessing = 0;
		};
		309AA8CE2A612F0600039E5C /* Resources */ = {
			isa = PBXResourcesBuildPhase;
			buildActionMask = 2147483647;
			files = (
			);
			runOnlyForDeploymentPostprocessing = 0;
		};
		73AB70302A7A330E00AB75B6 /* Resources */ = {
			isa = PBXResourcesBuildPhase;
			buildActionMask = 2147483647;
			files = (
				73AB703C2A7A330F00AB75B6 /* Assets.xcassets in Resources */,
			);
			runOnlyForDeploymentPostprocessing = 0;
		};
/* End PBXResourcesBuildPhase section */

/* Begin PBXSourcesBuildPhase section */
		1839B64E2A5E71CE00066D47 /* Sources */ = {
			isa = PBXSourcesBuildPhase;
			buildActionMask = 2147483647;
			files = (
				309AA8E22A644F9600039E5C /* LoginViewModel.swift in Sources */,
				306376962A64B0AB002B2A77 /* MainView.swift in Sources */,
				309AA8EA2A646CEF00039E5C /* InvitationView.swift in Sources */,
				309AA8E02A644F7900039E5C /* LoginView.swift in Sources */,
				73E18FE02A769816005141BD /* ShareTextModalView.swift in Sources */,
				1839B6582A5E71CE00066D47 /* ContentView.swift in Sources */,
				306376982A64B218002B2A77 /* MainViewModel.swift in Sources */,
				309AA8E82A64655600039E5C /* CoupleCodeView.swift in Sources */,
				3057E2062A7042D1005A3858 /* DataController.swift in Sources */,
				3063769A2A64BCCA002B2A77 /* SuccessView.swift in Sources */,
				309AA8E62A644FBD00039E5C /* NicknameSetView.swift in Sources */,
				739B97382A698B3300986A2D /* ViewModelPhone.swift in Sources */,
				309AA8E42A644FA500039E5C /* User.swift in Sources */,
				307F270F2A6E603B00DB4DD1 /* UserProgress.xcdatamodeld in Sources */,
				1839B6562A5E71CE00066D47 /* luv_dubApp.swift in Sources */,
				73E18FDB2A769782005141BD /* AppDelegateViewModel.swift in Sources */,
			);
			runOnlyForDeploymentPostprocessing = 0;
		};
		1839B6742A5E71D000066D47 /* Sources */ = {
			isa = PBXSourcesBuildPhase;
			buildActionMask = 2147483647;
			files = (
				184E98312A70185F00335BE9 /* SendButtonView.swift in Sources */,
				1844A3452A713FB30083A04E /* TransmissionStatus.swift in Sources */,
				18AE9C352A70E2CC00D543DB /* StatusView.swift in Sources */,
				739B97362A698A8800986A2D /* NotificationController.swift in Sources */,
				182E2CCA2A7250DB00E7255D /* TextStyle.swift in Sources */,
				739B97282A6988EA00986A2D /* WatchProfileView.swift in Sources */,
				182E2CC42A71846900E7255D /* HeartNumbersView.swift in Sources */,
				1844A3482A7147EB0083A04E /* BlinkLoading.swift in Sources */,
				184E98332A701EBA00335BE9 /* MainPushViewModel.swift in Sources */,
				18AE9C332A7037F500D543DB /* ProgressViewModel.swift in Sources */,
				307F27102A6E603B00DB4DD1 /* UserProgress.xcdatamodeld in Sources */,
				7349AFA22A78E18D002CE9C6 /* CompleteViewStatus.swift in Sources */,
				1839B67E2A5E71D000066D47 /* luv_dubApp.swift in Sources */,
				18AE9C372A710DB400D543DB /* ContentView.swift in Sources */,
				739B971F2A6988AD00986A2D /* NotificationView.swift in Sources */,
				18AE9C312A702B4500D543DB /* ProgressBar.swift in Sources */,
				739B97352A698A8800986A2D /* MainPushView.swift in Sources */,
				182E2CC62A724D5700E7255D /* HeartTimerView.swift in Sources */,
				184E98372A70220200335BE9 /* ButtonViewModel.swift in Sources */,
				739B97322A698A6300986A2D /* Color+Extensions.swift in Sources */,
				304341452A76600600934BFA /* WatchDataController.swift in Sources */,
				739B97312A698A6300986A2D /* GeometryProxy+Extensions.swift in Sources */,
				73AB703F2A7A330F00AB75B6 /* lub_dub_Complication.intentdefinition in Sources */,
				304341432A765F5700934BFA /* WatchInfo.xcdatamodeld in Sources */,
				182E2CC82A724E3900E7255D /* HeartStatus.swift in Sources */,
				184E98392A7029F000335BE9 /* ViewModelWatch.swift in Sources */,
				30A1C6B42A72E7F300D425C8 /* TestView.swift in Sources */,
				18191BC42A63BD1200E9719B /* RoundAnimation.swift in Sources */,
			);
			runOnlyForDeploymentPostprocessing = 0;
		};
		309AA8CC2A612F0600039E5C /* Sources */ = {
			isa = PBXSourcesBuildPhase;
			buildActionMask = 2147483647;
			files = (
				309AA8D32A612F0600039E5C /* NotificationService.swift in Sources */,
			);
			runOnlyForDeploymentPostprocessing = 0;
		};
		73AB702E2A7A330E00AB75B6 /* Sources */ = {
			isa = PBXSourcesBuildPhase;
			buildActionMask = 2147483647;
			files = (
				73AB703E2A7A330F00AB75B6 /* lub_dub_Complication.intentdefinition in Sources */,
				73AB70392A7A330E00AB75B6 /* lub_dub_Complication.swift in Sources */,
			);
			runOnlyForDeploymentPostprocessing = 0;
		};
/* End PBXSourcesBuildPhase section */

/* Begin PBXTargetDependency section */
		1839B67B2A5E71D000066D47 /* PBXTargetDependency */ = {
			isa = PBXTargetDependency;
			target = 1839B6772A5E71D000066D47 /* luv-dub Watch App */;
			targetProxy = 1839B67A2A5E71D000066D47 /* PBXContainerItemProxy */;
		};
		309AA8D62A612F0600039E5C /* PBXTargetDependency */ = {
			isa = PBXTargetDependency;
			target = 309AA8CF2A612F0600039E5C /* Notification */;
			targetProxy = 309AA8D52A612F0600039E5C /* PBXContainerItemProxy */;
		};
		73AB70412A7A330F00AB75B6 /* PBXTargetDependency */ = {
			isa = PBXTargetDependency;
			target = 73AB70312A7A330E00AB75B6 /* lub-dub ComplicationExtension */;
			targetProxy = 73AB70402A7A330F00AB75B6 /* PBXContainerItemProxy */;
		};
/* End PBXTargetDependency section */

/* Begin XCBuildConfiguration section */
		1839B69C2A5E71D100066D47 /* Debug */ = {
			isa = XCBuildConfiguration;
			buildSettings = {
				ALWAYS_SEARCH_USER_PATHS = NO;
				CLANG_ANALYZER_NONNULL = YES;
				CLANG_ANALYZER_NUMBER_OBJECT_CONVERSION = YES_AGGRESSIVE;
				CLANG_CXX_LANGUAGE_STANDARD = "gnu++20";
				CLANG_ENABLE_MODULES = YES;
				CLANG_ENABLE_OBJC_ARC = YES;
				CLANG_ENABLE_OBJC_WEAK = YES;
				CLANG_WARN_BLOCK_CAPTURE_AUTORELEASING = YES;
				CLANG_WARN_BOOL_CONVERSION = YES;
				CLANG_WARN_COMMA = YES;
				CLANG_WARN_CONSTANT_CONVERSION = YES;
				CLANG_WARN_DEPRECATED_OBJC_IMPLEMENTATIONS = YES;
				CLANG_WARN_DIRECT_OBJC_ISA_USAGE = YES_ERROR;
				CLANG_WARN_DOCUMENTATION_COMMENTS = YES;
				CLANG_WARN_EMPTY_BODY = YES;
				CLANG_WARN_ENUM_CONVERSION = YES;
				CLANG_WARN_INFINITE_RECURSION = YES;
				CLANG_WARN_INT_CONVERSION = YES;
				CLANG_WARN_NON_LITERAL_NULL_CONVERSION = YES;
				CLANG_WARN_OBJC_IMPLICIT_RETAIN_SELF = YES;
				CLANG_WARN_OBJC_LITERAL_CONVERSION = YES;
				CLANG_WARN_OBJC_ROOT_CLASS = YES_ERROR;
				CLANG_WARN_QUOTED_INCLUDE_IN_FRAMEWORK_HEADER = YES;
				CLANG_WARN_RANGE_LOOP_ANALYSIS = YES;
				CLANG_WARN_STRICT_PROTOTYPES = YES;
				CLANG_WARN_SUSPICIOUS_MOVE = YES;
				CLANG_WARN_UNGUARDED_AVAILABILITY = YES_AGGRESSIVE;
				CLANG_WARN_UNREACHABLE_CODE = YES;
				CLANG_WARN__DUPLICATE_METHOD_MATCH = YES;
				COPY_PHASE_STRIP = NO;
				DEBUG_INFORMATION_FORMAT = dwarf;
				ENABLE_STRICT_OBJC_MSGSEND = YES;
				ENABLE_TESTABILITY = YES;
				GCC_C_LANGUAGE_STANDARD = gnu11;
				GCC_DYNAMIC_NO_PIC = NO;
				GCC_NO_COMMON_BLOCKS = YES;
				GCC_OPTIMIZATION_LEVEL = 0;
				GCC_PREPROCESSOR_DEFINITIONS = (
					"DEBUG=1",
					"$(inherited)",
				);
				GCC_WARN_64_TO_32_BIT_CONVERSION = YES;
				GCC_WARN_ABOUT_RETURN_TYPE = YES_ERROR;
				GCC_WARN_UNDECLARED_SELECTOR = YES;
				GCC_WARN_UNINITIALIZED_AUTOS = YES_AGGRESSIVE;
				GCC_WARN_UNUSED_FUNCTION = YES;
				GCC_WARN_UNUSED_VARIABLE = YES;
				MTL_ENABLE_DEBUG_INFO = INCLUDE_SOURCE;
				MTL_FAST_MATH = YES;
				ONLY_ACTIVE_ARCH = YES;
				SWIFT_ACTIVE_COMPILATION_CONDITIONS = DEBUG;
				SWIFT_OPTIMIZATION_LEVEL = "-Onone";
			};
			name = Debug;
		};
		1839B69D2A5E71D100066D47 /* Release */ = {
			isa = XCBuildConfiguration;
			buildSettings = {
				ALWAYS_SEARCH_USER_PATHS = NO;
				CLANG_ANALYZER_NONNULL = YES;
				CLANG_ANALYZER_NUMBER_OBJECT_CONVERSION = YES_AGGRESSIVE;
				CLANG_CXX_LANGUAGE_STANDARD = "gnu++20";
				CLANG_ENABLE_MODULES = YES;
				CLANG_ENABLE_OBJC_ARC = YES;
				CLANG_ENABLE_OBJC_WEAK = YES;
				CLANG_WARN_BLOCK_CAPTURE_AUTORELEASING = YES;
				CLANG_WARN_BOOL_CONVERSION = YES;
				CLANG_WARN_COMMA = YES;
				CLANG_WARN_CONSTANT_CONVERSION = YES;
				CLANG_WARN_DEPRECATED_OBJC_IMPLEMENTATIONS = YES;
				CLANG_WARN_DIRECT_OBJC_ISA_USAGE = YES_ERROR;
				CLANG_WARN_DOCUMENTATION_COMMENTS = YES;
				CLANG_WARN_EMPTY_BODY = YES;
				CLANG_WARN_ENUM_CONVERSION = YES;
				CLANG_WARN_INFINITE_RECURSION = YES;
				CLANG_WARN_INT_CONVERSION = YES;
				CLANG_WARN_NON_LITERAL_NULL_CONVERSION = YES;
				CLANG_WARN_OBJC_IMPLICIT_RETAIN_SELF = YES;
				CLANG_WARN_OBJC_LITERAL_CONVERSION = YES;
				CLANG_WARN_OBJC_ROOT_CLASS = YES_ERROR;
				CLANG_WARN_QUOTED_INCLUDE_IN_FRAMEWORK_HEADER = YES;
				CLANG_WARN_RANGE_LOOP_ANALYSIS = YES;
				CLANG_WARN_STRICT_PROTOTYPES = YES;
				CLANG_WARN_SUSPICIOUS_MOVE = YES;
				CLANG_WARN_UNGUARDED_AVAILABILITY = YES_AGGRESSIVE;
				CLANG_WARN_UNREACHABLE_CODE = YES;
				CLANG_WARN__DUPLICATE_METHOD_MATCH = YES;
				COPY_PHASE_STRIP = NO;
				DEBUG_INFORMATION_FORMAT = "dwarf-with-dsym";
				ENABLE_NS_ASSERTIONS = NO;
				ENABLE_STRICT_OBJC_MSGSEND = YES;
				GCC_C_LANGUAGE_STANDARD = gnu11;
				GCC_NO_COMMON_BLOCKS = YES;
				GCC_WARN_64_TO_32_BIT_CONVERSION = YES;
				GCC_WARN_ABOUT_RETURN_TYPE = YES_ERROR;
				GCC_WARN_UNDECLARED_SELECTOR = YES;
				GCC_WARN_UNINITIALIZED_AUTOS = YES_AGGRESSIVE;
				GCC_WARN_UNUSED_FUNCTION = YES;
				GCC_WARN_UNUSED_VARIABLE = YES;
				MTL_ENABLE_DEBUG_INFO = NO;
				MTL_FAST_MATH = YES;
				SWIFT_COMPILATION_MODE = wholemodule;
				SWIFT_OPTIMIZATION_LEVEL = "-O";
			};
			name = Release;
		};
		1839B69F2A5E71D100066D47 /* Debug */ = {
			isa = XCBuildConfiguration;
			buildSettings = {
				ALWAYS_EMBED_SWIFT_STANDARD_LIBRARIES = YES;
				ASSETCATALOG_COMPILER_APPICON_NAME = AppIcon;
				ASSETCATALOG_COMPILER_GLOBAL_ACCENT_COLOR_NAME = AccentColor;
				CODE_SIGN_ENTITLEMENTS = "luv-dub Watch App/luv-dub Watch App.entitlements";
				CODE_SIGN_STYLE = Automatic;
				CURRENT_PROJECT_VERSION = 1;
				DEVELOPMENT_ASSET_PATHS = "\"luv-dub Watch App/Preview Content\"";
				DEVELOPMENT_TEAM = VGKCD7Q8NW;
				ENABLE_PREVIEWS = YES;
				GENERATE_INFOPLIST_FILE = YES;
				INFOPLIST_FILE = "luv-dub-Watch-App-Info.plist";
				INFOPLIST_KEY_UISupportedInterfaceOrientations = "UIInterfaceOrientationPortrait UIInterfaceOrientationPortraitUpsideDown";
				INFOPLIST_KEY_WKCompanionAppBundleIdentifier = com.nasver.luvdub;
				INFOPLIST_KEY_WKExtensionDelegateClassName = luvdub.ExtensionDelegate;
				LD_RUNPATH_SEARCH_PATHS = (
					"$(inherited)",
					"@executable_path/Frameworks",
				);
				MARKETING_VERSION = 1.0;
				PRODUCT_BUNDLE_IDENTIFIER = com.nasver.luvdub.watchkitapp;
				PRODUCT_NAME = luvdub;
				SDKROOT = watchos;
				SKIP_INSTALL = YES;
				SWIFT_EMIT_LOC_STRINGS = YES;
				SWIFT_VERSION = 5.0;
				TARGETED_DEVICE_FAMILY = 4;
				WATCHOS_DEPLOYMENT_TARGET = 9.2;
			};
			name = Debug;
		};
		1839B6A02A5E71D100066D47 /* Release */ = {
			isa = XCBuildConfiguration;
			buildSettings = {
				ALWAYS_EMBED_SWIFT_STANDARD_LIBRARIES = YES;
				ASSETCATALOG_COMPILER_APPICON_NAME = AppIcon;
				ASSETCATALOG_COMPILER_GLOBAL_ACCENT_COLOR_NAME = AccentColor;
				CODE_SIGN_ENTITLEMENTS = "luv-dub Watch App/luv-dub Watch App.entitlements";
				CODE_SIGN_STYLE = Automatic;
				CURRENT_PROJECT_VERSION = 1;
				DEVELOPMENT_ASSET_PATHS = "\"luv-dub Watch App/Preview Content\"";
				DEVELOPMENT_TEAM = VGKCD7Q8NW;
				ENABLE_PREVIEWS = YES;
				GENERATE_INFOPLIST_FILE = YES;
				INFOPLIST_FILE = "luv-dub-Watch-App-Info.plist";
				INFOPLIST_KEY_UISupportedInterfaceOrientations = "UIInterfaceOrientationPortrait UIInterfaceOrientationPortraitUpsideDown";
				INFOPLIST_KEY_WKCompanionAppBundleIdentifier = com.nasver.luvdub;
				INFOPLIST_KEY_WKExtensionDelegateClassName = luvdub.ExtensionDelegate;
				LD_RUNPATH_SEARCH_PATHS = (
					"$(inherited)",
					"@executable_path/Frameworks",
				);
				MARKETING_VERSION = 1.0;
				PRODUCT_BUNDLE_IDENTIFIER = com.nasver.luvdub.watchkitapp;
				PRODUCT_NAME = luvdub;
				SDKROOT = watchos;
				SKIP_INSTALL = YES;
				SWIFT_EMIT_LOC_STRINGS = YES;
				SWIFT_VERSION = 5.0;
				TARGETED_DEVICE_FAMILY = 4;
				VALIDATE_PRODUCT = YES;
				WATCHOS_DEPLOYMENT_TARGET = 9.2;
			};
			name = Release;
		};
		1839B6A32A5E71D100066D47 /* Debug */ = {
			isa = XCBuildConfiguration;
			buildSettings = {
				ALWAYS_EMBED_SWIFT_STANDARD_LIBRARIES = YES;
				ASSETCATALOG_COMPILER_APPICON_NAME = AppIcon;
				ASSETCATALOG_COMPILER_GLOBAL_ACCENT_COLOR_NAME = AccentColor;
				CODE_SIGN_ENTITLEMENTS = "luv-dub/luv-dub.entitlements";
				CODE_SIGN_STYLE = Automatic;
				CURRENT_PROJECT_VERSION = 1;
				DEVELOPMENT_ASSET_PATHS = "\"luv-dub/Preview Content\"";
				DEVELOPMENT_TEAM = "";
				ENABLE_PREVIEWS = YES;
				GENERATE_INFOPLIST_FILE = YES;
				INFOPLIST_FILE = "luv-dub/Info.plist";
				INFOPLIST_KEY_CFBundleDisplayName = "luv-dub";
				INFOPLIST_KEY_LSApplicationCategoryType = "";
				INFOPLIST_KEY_UIApplicationSceneManifest_Generation = YES;
				INFOPLIST_KEY_UIApplicationSupportsIndirectInputEvents = YES;
				INFOPLIST_KEY_UILaunchScreen_Generation = YES;
				INFOPLIST_KEY_UISupportedInterfaceOrientations_iPad = "UIInterfaceOrientationPortrait UIInterfaceOrientationPortraitUpsideDown UIInterfaceOrientationLandscapeLeft UIInterfaceOrientationLandscapeRight";
				INFOPLIST_KEY_UISupportedInterfaceOrientations_iPhone = "UIInterfaceOrientationPortrait UIInterfaceOrientationLandscapeLeft UIInterfaceOrientationLandscapeRight";
				IPHONEOS_DEPLOYMENT_TARGET = 14.0;
				LD_RUNPATH_SEARCH_PATHS = (
					"$(inherited)",
					"@executable_path/Frameworks",
				);
				MARKETING_VERSION = 1.0;
				PRODUCT_BUNDLE_IDENTIFIER = com.nasver.luvdub;
				PRODUCT_NAME = "$(TARGET_NAME)";
				SDKROOT = iphoneos;
				SWIFT_EMIT_LOC_STRINGS = YES;
				SWIFT_VERSION = 5.0;
				TARGETED_DEVICE_FAMILY = "1,2";
			};
			name = Debug;
		};
		1839B6A42A5E71D100066D47 /* Release */ = {
			isa = XCBuildConfiguration;
			buildSettings = {
				ALWAYS_EMBED_SWIFT_STANDARD_LIBRARIES = YES;
				ASSETCATALOG_COMPILER_APPICON_NAME = AppIcon;
				ASSETCATALOG_COMPILER_GLOBAL_ACCENT_COLOR_NAME = AccentColor;
				CODE_SIGN_ENTITLEMENTS = "luv-dub/luv-dub.entitlements";
				CODE_SIGN_STYLE = Automatic;
				CURRENT_PROJECT_VERSION = 1;
				DEVELOPMENT_ASSET_PATHS = "\"luv-dub/Preview Content\"";
				DEVELOPMENT_TEAM = "";
				ENABLE_PREVIEWS = YES;
				GENERATE_INFOPLIST_FILE = YES;
				INFOPLIST_FILE = "luv-dub/Info.plist";
				INFOPLIST_KEY_CFBundleDisplayName = "luv-dub";
				INFOPLIST_KEY_LSApplicationCategoryType = "";
				INFOPLIST_KEY_UIApplicationSceneManifest_Generation = YES;
				INFOPLIST_KEY_UIApplicationSupportsIndirectInputEvents = YES;
				INFOPLIST_KEY_UILaunchScreen_Generation = YES;
				INFOPLIST_KEY_UISupportedInterfaceOrientations_iPad = "UIInterfaceOrientationPortrait UIInterfaceOrientationPortraitUpsideDown UIInterfaceOrientationLandscapeLeft UIInterfaceOrientationLandscapeRight";
				INFOPLIST_KEY_UISupportedInterfaceOrientations_iPhone = "UIInterfaceOrientationPortrait UIInterfaceOrientationLandscapeLeft UIInterfaceOrientationLandscapeRight";
				IPHONEOS_DEPLOYMENT_TARGET = 14.0;
				LD_RUNPATH_SEARCH_PATHS = (
					"$(inherited)",
					"@executable_path/Frameworks",
				);
				MARKETING_VERSION = 1.0;
				PRODUCT_BUNDLE_IDENTIFIER = com.nasver.luvdub;
				PRODUCT_NAME = "$(TARGET_NAME)";
				SDKROOT = iphoneos;
				SWIFT_EMIT_LOC_STRINGS = YES;
				SWIFT_VERSION = 5.0;
				TARGETED_DEVICE_FAMILY = "1,2";
				VALIDATE_PRODUCT = YES;
			};
			name = Release;
		};
		309AA8D92A612F0600039E5C /* Debug */ = {
			isa = XCBuildConfiguration;
			buildSettings = {
				CODE_SIGN_STYLE = Automatic;
				CURRENT_PROJECT_VERSION = 1;
				DEVELOPMENT_TEAM = VGKCD7Q8NW;
				GENERATE_INFOPLIST_FILE = YES;
				INFOPLIST_FILE = Notification/Info.plist;
				INFOPLIST_KEY_CFBundleDisplayName = Notification;
				INFOPLIST_KEY_NSHumanReadableCopyright = "";
				IPHONEOS_DEPLOYMENT_TARGET = 16.4;
				LD_RUNPATH_SEARCH_PATHS = (
					"$(inherited)",
					"@executable_path/Frameworks",
					"@executable_path/../../Frameworks",
				);
				MARKETING_VERSION = 1.0;
				PRODUCT_BUNDLE_IDENTIFIER = com.nasver.luvdub.Notification;
				PRODUCT_NAME = "$(TARGET_NAME)";
				SDKROOT = iphoneos;
				SKIP_INSTALL = YES;
				SWIFT_EMIT_LOC_STRINGS = YES;
				SWIFT_VERSION = 5.0;
				TARGETED_DEVICE_FAMILY = "1,2";
			};
			name = Debug;
		};
		309AA8DA2A612F0600039E5C /* Release */ = {
			isa = XCBuildConfiguration;
			buildSettings = {
				CODE_SIGN_STYLE = Automatic;
				CURRENT_PROJECT_VERSION = 1;
				DEVELOPMENT_TEAM = VGKCD7Q8NW;
				GENERATE_INFOPLIST_FILE = YES;
				INFOPLIST_FILE = Notification/Info.plist;
				INFOPLIST_KEY_CFBundleDisplayName = Notification;
				INFOPLIST_KEY_NSHumanReadableCopyright = "";
				IPHONEOS_DEPLOYMENT_TARGET = 16.4;
				LD_RUNPATH_SEARCH_PATHS = (
					"$(inherited)",
					"@executable_path/Frameworks",
					"@executable_path/../../Frameworks",
				);
				MARKETING_VERSION = 1.0;
				PRODUCT_BUNDLE_IDENTIFIER = com.nasver.luvdub.Notification;
				PRODUCT_NAME = "$(TARGET_NAME)";
				SDKROOT = iphoneos;
				SKIP_INSTALL = YES;
				SWIFT_EMIT_LOC_STRINGS = YES;
				SWIFT_VERSION = 5.0;
				TARGETED_DEVICE_FAMILY = "1,2";
				VALIDATE_PRODUCT = YES;
			};
			name = Release;
		};
		73AB70442A7A330F00AB75B6 /* Debug */ = {
			isa = XCBuildConfiguration;
			buildSettings = {
				ASSETCATALOG_COMPILER_GLOBAL_ACCENT_COLOR_NAME = AccentColor;
				ASSETCATALOG_COMPILER_WIDGET_BACKGROUND_COLOR_NAME = WidgetBackground;
				CODE_SIGN_STYLE = Automatic;
				CURRENT_PROJECT_VERSION = 1;
				DEVELOPMENT_TEAM = VGKCD7Q8NW;
				GENERATE_INFOPLIST_FILE = YES;
				INFOPLIST_FILE = "lub-dub Complication/Info.plist";
				INFOPLIST_KEY_CFBundleDisplayName = "lub-dub Complication";
				INFOPLIST_KEY_NSHumanReadableCopyright = "";
				LD_RUNPATH_SEARCH_PATHS = (
					"$(inherited)",
					"@executable_path/Frameworks",
					"@executable_path/../../Frameworks",
					"@executable_path/../../../../Frameworks",
				);
				MARKETING_VERSION = 1.0;
				PRODUCT_BUNDLE_IDENTIFIER = "com.nasver.luvdub.watchkitapp.lub-dub-Complication";
				PRODUCT_NAME = "$(TARGET_NAME)";
				SDKROOT = watchos;
				SKIP_INSTALL = YES;
				SWIFT_EMIT_LOC_STRINGS = YES;
				SWIFT_VERSION = 5.0;
				TARGETED_DEVICE_FAMILY = 4;
				WATCHOS_DEPLOYMENT_TARGET = 9.4;
			};
			name = Debug;
		};
		73AB70452A7A330F00AB75B6 /* Release */ = {
			isa = XCBuildConfiguration;
			buildSettings = {
				ASSETCATALOG_COMPILER_GLOBAL_ACCENT_COLOR_NAME = AccentColor;
				ASSETCATALOG_COMPILER_WIDGET_BACKGROUND_COLOR_NAME = WidgetBackground;
				CODE_SIGN_STYLE = Automatic;
				CURRENT_PROJECT_VERSION = 1;
				DEVELOPMENT_TEAM = VGKCD7Q8NW;
				GENERATE_INFOPLIST_FILE = YES;
				INFOPLIST_FILE = "lub-dub Complication/Info.plist";
				INFOPLIST_KEY_CFBundleDisplayName = "lub-dub Complication";
				INFOPLIST_KEY_NSHumanReadableCopyright = "";
				LD_RUNPATH_SEARCH_PATHS = (
					"$(inherited)",
					"@executable_path/Frameworks",
					"@executable_path/../../Frameworks",
					"@executable_path/../../../../Frameworks",
				);
				MARKETING_VERSION = 1.0;
				PRODUCT_BUNDLE_IDENTIFIER = "com.nasver.luvdub.watchkitapp.lub-dub-Complication";
				PRODUCT_NAME = "$(TARGET_NAME)";
				SDKROOT = watchos;
				SKIP_INSTALL = YES;
				SWIFT_EMIT_LOC_STRINGS = YES;
				SWIFT_VERSION = 5.0;
				TARGETED_DEVICE_FAMILY = 4;
				VALIDATE_PRODUCT = YES;
				WATCHOS_DEPLOYMENT_TARGET = 9.4;
			};
			name = Release;
		};
/* End XCBuildConfiguration section */

/* Begin XCConfigurationList section */
		1839B64D2A5E71CD00066D47 /* Build configuration list for PBXProject "luv-dub" */ = {
			isa = XCConfigurationList;
			buildConfigurations = (
				1839B69C2A5E71D100066D47 /* Debug */,
				1839B69D2A5E71D100066D47 /* Release */,
			);
			defaultConfigurationIsVisible = 0;
			defaultConfigurationName = Release;
		};
		1839B69E2A5E71D100066D47 /* Build configuration list for PBXNativeTarget "luv-dub Watch App" */ = {
			isa = XCConfigurationList;
			buildConfigurations = (
				1839B69F2A5E71D100066D47 /* Debug */,
				1839B6A02A5E71D100066D47 /* Release */,
			);
			defaultConfigurationIsVisible = 0;
			defaultConfigurationName = Release;
		};
		1839B6A22A5E71D100066D47 /* Build configuration list for PBXNativeTarget "luv-dub" */ = {
			isa = XCConfigurationList;
			buildConfigurations = (
				1839B6A32A5E71D100066D47 /* Debug */,
				1839B6A42A5E71D100066D47 /* Release */,
			);
			defaultConfigurationIsVisible = 0;
			defaultConfigurationName = Release;
		};
		309AA8D82A612F0600039E5C /* Build configuration list for PBXNativeTarget "Notification" */ = {
			isa = XCConfigurationList;
			buildConfigurations = (
				309AA8D92A612F0600039E5C /* Debug */,
				309AA8DA2A612F0600039E5C /* Release */,
			);
			defaultConfigurationIsVisible = 0;
			defaultConfigurationName = Release;
		};
		73AB70462A7A330F00AB75B6 /* Build configuration list for PBXNativeTarget "lub-dub ComplicationExtension" */ = {
			isa = XCConfigurationList;
			buildConfigurations = (
				73AB70442A7A330F00AB75B6 /* Debug */,
				73AB70452A7A330F00AB75B6 /* Release */,
			);
			defaultConfigurationIsVisible = 0;
			defaultConfigurationName = Release;
		};
/* End XCConfigurationList section */

/* Begin XCRemoteSwiftPackageReference section */
		308DF1D22A76270C00C1C0D2 /* XCRemoteSwiftPackageReference "Swift-JWT" */ = {
			isa = XCRemoteSwiftPackageReference;
			repositoryURL = "https://github.com/Kitura/Swift-JWT.git";
			requirement = {
				kind = exactVersion;
				version = 4.0.1;
			};
		};
		30AA82882A5E77AF0047B0B6 /* XCRemoteSwiftPackageReference "firebase-ios-sdk" */ = {
			isa = XCRemoteSwiftPackageReference;
			repositoryURL = "https://github.com/firebase/firebase-ios-sdk.git";
			requirement = {
				kind = exactVersion;
				version = 10.12.0;
			};
		};
		30AA829B2A5E77F90047B0B6 /* XCRemoteSwiftPackageReference "kakao-ios-sdk" */ = {
			isa = XCRemoteSwiftPackageReference;
			repositoryURL = "https://github.com/kakao/kakao-ios-sdk";
			requirement = {
				kind = exactVersion;
				version = 2.15.0;
			};
		};
/* End XCRemoteSwiftPackageReference section */

/* Begin XCSwiftPackageProductDependency section */
		303CFE9C2A5F2D31003931F3 /* FirebaseMessaging */ = {
			isa = XCSwiftPackageProductDependency;
			package = 30AA82882A5E77AF0047B0B6 /* XCRemoteSwiftPackageReference "firebase-ios-sdk" */;
			productName = FirebaseMessaging;
		};
		303CFE9E2A5F2D3C003931F3 /* FirebaseAnalytics */ = {
			isa = XCSwiftPackageProductDependency;
			package = 30AA82882A5E77AF0047B0B6 /* XCRemoteSwiftPackageReference "firebase-ios-sdk" */;
			productName = FirebaseAnalytics;
		};
		308DF1D32A76270C00C1C0D2 /* SwiftJWT */ = {
			isa = XCSwiftPackageProductDependency;
			package = 308DF1D22A76270C00C1C0D2 /* XCRemoteSwiftPackageReference "Swift-JWT" */;
			productName = SwiftJWT;
		};
		30A1C6B52A72ED0400D425C8 /* FirebaseAuth */ = {
			isa = XCSwiftPackageProductDependency;
			package = 30AA82882A5E77AF0047B0B6 /* XCRemoteSwiftPackageReference "firebase-ios-sdk" */;
			productName = FirebaseAuth;
		};
		30AA82892A5E77AF0047B0B6 /* FirebaseAnalytics */ = {
			isa = XCSwiftPackageProductDependency;
			package = 30AA82882A5E77AF0047B0B6 /* XCRemoteSwiftPackageReference "firebase-ios-sdk" */;
			productName = FirebaseAnalytics;
		};
		30AA828B2A5E77AF0047B0B6 /* FirebaseAnalyticsSwift */ = {
			isa = XCSwiftPackageProductDependency;
			package = 30AA82882A5E77AF0047B0B6 /* XCRemoteSwiftPackageReference "firebase-ios-sdk" */;
			productName = FirebaseAnalyticsSwift;
		};
		30AA828D2A5E77AF0047B0B6 /* FirebaseAuth */ = {
			isa = XCSwiftPackageProductDependency;
			package = 30AA82882A5E77AF0047B0B6 /* XCRemoteSwiftPackageReference "firebase-ios-sdk" */;
			productName = FirebaseAuth;
		};
		30AA828F2A5E77AF0047B0B6 /* FirebaseDatabase */ = {
			isa = XCSwiftPackageProductDependency;
			package = 30AA82882A5E77AF0047B0B6 /* XCRemoteSwiftPackageReference "firebase-ios-sdk" */;
			productName = FirebaseDatabase;
		};
		30AA82912A5E77AF0047B0B6 /* FirebaseDatabaseSwift */ = {
			isa = XCSwiftPackageProductDependency;
			package = 30AA82882A5E77AF0047B0B6 /* XCRemoteSwiftPackageReference "firebase-ios-sdk" */;
			productName = FirebaseDatabaseSwift;
		};
		30AA82932A5E77AF0047B0B6 /* FirebaseDynamicLinks */ = {
			isa = XCSwiftPackageProductDependency;
			package = 30AA82882A5E77AF0047B0B6 /* XCRemoteSwiftPackageReference "firebase-ios-sdk" */;
			productName = FirebaseDynamicLinks;
		};
		30AA82952A5E77AF0047B0B6 /* FirebaseFirestore */ = {
			isa = XCSwiftPackageProductDependency;
			package = 30AA82882A5E77AF0047B0B6 /* XCRemoteSwiftPackageReference "firebase-ios-sdk" */;
			productName = FirebaseFirestore;
		};
		30AA82972A5E77AF0047B0B6 /* FirebaseFirestoreSwift */ = {
			isa = XCSwiftPackageProductDependency;
			package = 30AA82882A5E77AF0047B0B6 /* XCRemoteSwiftPackageReference "firebase-ios-sdk" */;
			productName = FirebaseFirestoreSwift;
		};
		30AA82992A5E77AF0047B0B6 /* FirebaseMessaging */ = {
			isa = XCSwiftPackageProductDependency;
			package = 30AA82882A5E77AF0047B0B6 /* XCRemoteSwiftPackageReference "firebase-ios-sdk" */;
			productName = FirebaseMessaging;
		};
		30AA829C2A5E77F90047B0B6 /* KakaoSDK */ = {
			isa = XCSwiftPackageProductDependency;
			package = 30AA829B2A5E77F90047B0B6 /* XCRemoteSwiftPackageReference "kakao-ios-sdk" */;
			productName = KakaoSDK;
		};
		30AA829E2A5E77F90047B0B6 /* KakaoSDKAuth */ = {
			isa = XCSwiftPackageProductDependency;
			package = 30AA829B2A5E77F90047B0B6 /* XCRemoteSwiftPackageReference "kakao-ios-sdk" */;
			productName = KakaoSDKAuth;
		};
		30AA82A02A5E77F90047B0B6 /* KakaoSDKCommon */ = {
			isa = XCSwiftPackageProductDependency;
			package = 30AA829B2A5E77F90047B0B6 /* XCRemoteSwiftPackageReference "kakao-ios-sdk" */;
			productName = KakaoSDKCommon;
		};
		30AA82A22A5E77F90047B0B6 /* KakaoSDKUser */ = {
			isa = XCSwiftPackageProductDependency;
			package = 30AA829B2A5E77F90047B0B6 /* XCRemoteSwiftPackageReference "kakao-ios-sdk" */;
			productName = KakaoSDKUser;
		};
		30FE86312A7179380050DA1D /* FirebaseDatabase */ = {
			isa = XCSwiftPackageProductDependency;
			package = 30AA82882A5E77AF0047B0B6 /* XCRemoteSwiftPackageReference "firebase-ios-sdk" */;
			productName = FirebaseDatabase;
		};
		30FE86332A71793A0050DA1D /* FirebaseDatabaseSwift */ = {
			isa = XCSwiftPackageProductDependency;
			package = 30AA82882A5E77AF0047B0B6 /* XCRemoteSwiftPackageReference "firebase-ios-sdk" */;
			productName = FirebaseDatabaseSwift;
		};
/* End XCSwiftPackageProductDependency section */

/* Begin XCVersionGroup section */
		304341402A765F2C00934BFA /* WatchInfo.xcdatamodeld */ = {
			isa = XCVersionGroup;
			children = (
				304341412A765F2C00934BFA /* WatchInfo.xcdatamodel */,
			);
			currentVersion = 304341412A765F2C00934BFA /* WatchInfo.xcdatamodel */;
			path = WatchInfo.xcdatamodeld;
			sourceTree = "<group>";
			versionGroupType = wrapper.xcdatamodel;
		};
		307F270D2A6E603B00DB4DD1 /* UserProgress.xcdatamodeld */ = {
			isa = XCVersionGroup;
			children = (
				307F270E2A6E603B00DB4DD1 /* UserModel.xcdatamodel */,
			);
			currentVersion = 307F270E2A6E603B00DB4DD1 /* UserModel.xcdatamodel */;
			path = UserProgress.xcdatamodeld;
			sourceTree = "<group>";
			versionGroupType = wrapper.xcdatamodel;
		};
/* End XCVersionGroup section */
	};
	rootObject = 1839B64A2A5E71CD00066D47 /* Project object */;
}
